
Microsoft Visual Studio Solution File, Format Version 12.00
# Visual Studio 15
VisualStudioVersion = 15.0.27130.2010
MinimumVisualStudioVersion = 10.0.40219.1
Project("{FAE04EC0-301F-11D3-BF4B-00C04F79EFBC}") = "SimpleEncryptedChatClient", "SimpleEncryptedChatClient\SimpleEncryptedChatClient.csproj", "{9500AC69-2A41-4FFB-BA40-917ECDC4E778}"
EndProject
Project("{FAE04EC0-301F-11D3-BF4B-00C04F79EFBC}") = "SimpleEncryptedChatServer", "SimpleEncryptedChatServer\SimpleEncryptedChatServer.csproj", "{5E61100F-4D6E-48D7-822E-3047B8DD3D54}"
EndProject
Project("{FAE04EC0-301F-11D3-BF4B-00C04F79EFBC}") = "UdpEncryptedMessageSenderLibrary", "UdpEncryptedMessageSenderLibrary\UdpEncryptedMessageSenderLibrary.csproj", "{D9069FFE-7DAF-46C3-830B-0928FCA9A38C}"
EndProject
Global
	GlobalSection(SolutionConfigurationPlatforms) = preSolution
		Debug|Any CPU = Debug|Any CPU
		Release|Any CPU = Release|Any CPU
	EndGlobalSection
	GlobalSection(ProjectConfigurationPlatforms) = postSolution
		{9500AC69-2A41-4FFB-BA40-917ECDC4E778}.Debug|Any CPU.ActiveCfg = Debug|Any CPU
		{9500AC69-2A41-4FFB-BA40-917ECDC4E778}.Debug|Any CPU.Build.0 = Debug|Any CPU
		{9500AC69-2A41-4FFB-BA40-917ECDC4E778}.Release|Any CPU.ActiveCfg = Release|Any CPU
		{9500AC69-2A41-4FFB-BA40-917ECDC4E778}.Release|Any CPU.Build.0 = Release|Any CPU
		{5E61100F-4D6E-48D7-822E-3047B8DD3D54}.Debug|Any CPU.ActiveCfg = Debug|Any CPU
		{5E61100F-4D6E-48D7-822E-3047B8DD3D54}.Debug|Any CPU.Build.0 = Debug|Any CPU
		{5E61100F-4D6E-48D7-822E-3047B8DD3D54}.Release|Any CPU.ActiveCfg = Release|Any CPU
		{5E61100F-4D6E-48D7-822E-3047B8DD3D54}.Release|Any CPU.Build.0 = Release|Any CPU
		{D9069FFE-7DAF-46C3-830B-0928FCA9A38C}.Debug|Any CPU.ActiveCfg = Debug|Any CPU
		{D9069FFE-7DAF-46C3-830B-0928FCA9A38C}.Debug|Any CPU.Build.0 = Debug|Any CPU
		{D9069FFE-7DAF-46C3-830B-0928FCA9A38C}.Release|Any CPU.ActiveCfg = Release|Any CPU
		{D9069FFE-7DAF-46C3-830B-0928FCA9A38C}.Release|Any CPU.Build.0 = Release|Any CPU
	EndGlobalSection
	GlobalSection(SolutionProperties) = preSolution
		HideSolutionNode = FALSE
	EndGlobalSection
	GlobalSection(ExtensibilityGlobals) = postSolution
		SolutionGuid = {AFFC1D62-680F-4425-AA9F-36B1BC27B581}
	EndGlobalSection
EndGlobal
